{
    "_meta": {
        "hash": {
            "sha256": "c125182410f16767bd0b2bf8452614bbf4894775c13839238313a0ab7f1c4af0"
        },
        "pipfile-spec": 6,
        "requires": {
            "python_version": "3.9"
        },
        "sources": [
            {
                "name": "pypi",
                "url": "https://pypi.org/simple",
                "verify_ssl": true
            }
        ]
    },
    "default": {
        "asgiref": {
            "hashes": [
                "sha256:4ef1ab46b484e3c706329cedeff284a5d40824200638503f5768edb6de7d58e9",
                "sha256:ffc141aa908e6f175673e7b1b3b7af4fdb0ecb738fc5c8b88f69f055c2415214"
            ],
            "markers": "python_full_version >= '3.6.0'",
            "version": "==3.4.1"
        },
        "django": {
            "hashes": [
                "sha256:51284300f1522ffcdb07ccbdf676a307c6678659e1284f0618e5a774127a6a08",
                "sha256:e22c9266da3eec7827737cde57694d7db801fedac938d252bf27377cec06ed1b"
            ],
            "index": "pypi",
            "version": "==3.2.9"
        },
        "django-geojson": {
            "hashes": [
                "sha256:374a89500b222c1f561d4bc218c99a80877aac8b8cd9f0b48439549abd784980",
                "sha256:c895500ca6045560135dd0a67acb91d51a7692727362b31106abc01918f5f34d"
            ],
            "index": "pypi",
            "version": "==3.2.0"
        },
        "django-leaflet": {
            "hashes": [
                "sha256:14b6b11cf81f40113f832cc77686a9b0c67b35d12d1f10d973f083997e6be8de",
                "sha256:4f9e3147f438f4329b0f3bfd10d379ceaffe9267adf5cca05cb1a7c9e24e585b"
            ],
            "index": "pypi",
            "version": "==0.28.2"
        },
        "gdal": {
            "hashes": [
                "sha256:6b54e786a2e5e1b9aa249b89cb746ee1846b030f92e35967a72d395ea53dcfde"
            ],
            "path": "./static/GDAL-3.3.3-cp39-cp39-win_amd64.whl",
            "version": "==3.3.3"
        },
        "pytz": {
            "hashes": [
                "sha256:3672058bc3453457b622aab7a1c3bfd5ab0bdae451512f6cf25f64ed37f5b87c",
                "sha256:acad2d8b20a1af07d4e4c9d2e9285c5ed9104354062f275f3fcd88dcef4f1326"
            ],
            "version": "==2021.3"
        },
        "sqlparse": {
            "hashes": [
                "sha256:0c00730c74263a94e5a9919ade150dfc3b19c574389985446148402998287dae",
                "sha256:48719e356bb8b42991bdbb1e8b83223757b93789c00910a616a071910ca4a64d"
            ],
            "markers": "python_version >= '3.5'",
            "version": "==0.4.2"
        }
    },
    "develop": {}
}
